
Microsoft Visual Studio Solution File, Format Version 12.00
# Visual Studio Version 16
VisualStudioVersion = 16.0.31229.75
MinimumVisualStudioVersion = 10.0.40219.1
Project("{FAE04EC0-301F-11D3-BF4B-00C04F79EFBC}") = "SistemaDeEmpregados", "SistemaDeEmpregados.csproj", "{5EBE9253-6192-49A6-9357-CEAB8F21769B}"
EndProject
Global
	GlobalSection(SolutionConfigurationPlatforms) = preSolution
		Debug|Any CPU = Debug|Any CPU
		Release|Any CPU = Release|Any CPU
	EndGlobalSection
	GlobalSection(ProjectConfigurationPlatforms) = postSolution
		{5EBE9253-6192-49A6-9357-CEAB8F21769B}.Debug|Any CPU.ActiveCfg = Debug|Any CPU
		{5EBE9253-6192-49A6-9357-CEAB8F21769B}.Debug|Any CPU.Build.0 = Debug|Any CPU
		{5EBE9253-6192-49A6-9357-CEAB8F21769B}.Release|Any CPU.ActiveCfg = Release|Any CPU
		{5EBE9253-6192-49A6-9357-CEAB8F21769B}.Release|Any CPU.Build.0 = Release|Any CPU
	EndGlobalSection
	GlobalSection(SolutionProperties) = preSolution
		HideSolutionNode = FALSE
	EndGlobalSection
	GlobalSection(ExtensibilityGlobals) = postSolution
		SolutionGuid = {0623C006-54DC-409D-9D65-B1F28A7D1833}
	EndGlobalSection
EndGlobal
